
Microsoft Visual Studio Solution File, Format Version 11.00
# Visual Studio 2010
Project("{8BC9CEB8-8B4A-11D0-8D11-00A0C91BC942}") = "LoadExe", "LoadExe\LoadExe.vcxproj", "{A2A92F44-E7BF-4FAF-9E1A-A785ACA3CF26}"
EndProject
Global
	GlobalSection(SolutionConfigurationPlatforms) = preSolution
		Debug|Win32 = Debug|Win32
		Release|Win32 = Release|Win32
	EndGlobalSection
	GlobalSection(ProjectConfigurationPlatforms) = postSolution
		{A2A92F44-E7BF-4FAF-9E1A-A785ACA3CF26}.Debug|Win32.ActiveCfg = Debug|Win32
		{A2A92F44-E7BF-4FAF-9E1A-A785ACA3CF26}.Debug|Win32.Build.0 = Debug|Win32
		{A2A92F44-E7BF-4FAF-9E1A-A785ACA3CF26}.Release|Win32.ActiveCfg = Release|Win32
		{A2A92F44-E7BF-4FAF-9E1A-A785ACA3CF26}.Release|Win32.Build.0 = Release|Win32
	EndGlobalSection
	GlobalSection(SolutionProperties) = preSolution
		HideSolutionNode = FALSE
	EndGlobalSection
EndGlobal
